
Microsoft Visual Studio Solution File, Format Version 12.00
# Visual Studio Version 17
VisualStudioVersion = 17.10.35027.167
MinimumVisualStudioVersion = 10.0.40219.1
Project("{FAE04EC0-301F-11D3-BF4B-00C04F79EFBC}") = "HaberOtesi", "HaberOtesi.csproj", "{00AB1314-231F-4A56-B175-40DDAF504002}"
EndProject
Global
	GlobalSection(SolutionConfigurationPlatforms) = preSolution
		Debug|Any CPU = Debug|Any CPU
		Release|Any CPU = Release|Any CPU
	EndGlobalSection
	GlobalSection(ProjectConfigurationPlatforms) = postSolution
		{00AB1314-231F-4A56-B175-40DDAF504002}.Debug|Any CPU.ActiveCfg = Debug|Any CPU
		{00AB1314-231F-4A56-B175-40DDAF504002}.Debug|Any CPU.Build.0 = Debug|Any CPU
		{00AB1314-231F-4A56-B175-40DDAF504002}.Release|Any CPU.ActiveCfg = Release|Any CPU
		{00AB1314-231F-4A56-B175-40DDAF504002}.Release|Any CPU.Build.0 = Release|Any CPU
	EndGlobalSection
	GlobalSection(SolutionProperties) = preSolution
		HideSolutionNode = FALSE
	EndGlobalSection
	GlobalSection(ExtensibilityGlobals) = postSolution
		SolutionGuid = {7A04ABDC-1DEB-4BAD-9BBA-B954DD37504F}
	EndGlobalSection
EndGlobal
